
Microsoft Visual Studio Solution File, Format Version 12.00
# Visual Studio Version 17
VisualStudioVersion = 17.9.34723.18
MinimumVisualStudioVersion = 10.0.40219.1
Project("{FAE04EC0-301F-11D3-BF4B-00C04F79EFBC}") = "csharp_scripts", "csharp_scripts.csproj", "{D6817944-9B45-4241-9CAB-49069278D7B9}"
EndProject
Global
	GlobalSection(SolutionConfigurationPlatforms) = preSolution
		Debug|Any CPU = Debug|Any CPU
		Release|Any CPU = Release|Any CPU
	EndGlobalSection
	GlobalSection(ProjectConfigurationPlatforms) = postSolution
		{D6817944-9B45-4241-9CAB-49069278D7B9}.Debug|Any CPU.ActiveCfg = Debug|Any CPU
		{D6817944-9B45-4241-9CAB-49069278D7B9}.Debug|Any CPU.Build.0 = Debug|Any CPU
		{D6817944-9B45-4241-9CAB-49069278D7B9}.Release|Any CPU.ActiveCfg = Release|Any CPU
		{D6817944-9B45-4241-9CAB-49069278D7B9}.Release|Any CPU.Build.0 = Release|Any CPU
	EndGlobalSection
	GlobalSection(SolutionProperties) = preSolution
		HideSolutionNode = FALSE
	EndGlobalSection
	GlobalSection(ExtensibilityGlobals) = postSolution
		SolutionGuid = {85F2B7EC-00D2-4002-8421-B63D7B02604D}
	EndGlobalSection
EndGlobal
